
Microsoft Visual Studio Solution File, Format Version 12.00
# Visual Studio Version 17
VisualStudioVersion = 17.5.33530.505
MinimumVisualStudioVersion = 10.0.40219.1
Project("{FAE04EC0-301F-11D3-BF4B-00C04F79EFBC}") = "QuanLyQuanAn", "QuanLyQuanAn\QuanLyQuanAn.csproj", "{05AB3982-FAF4-47D7-BACE-09FC0A11559E}"
EndProject
Global
	GlobalSection(SolutionConfigurationPlatforms) = preSolution
		Debug|Any CPU = Debug|Any CPU
		Release|Any CPU = Release|Any CPU
	EndGlobalSection
	GlobalSection(ProjectConfigurationPlatforms) = postSolution
		{05AB3982-FAF4-47D7-BACE-09FC0A11559E}.Debug|Any CPU.ActiveCfg = Debug|Any CPU
		{05AB3982-FAF4-47D7-BACE-09FC0A11559E}.Debug|Any CPU.Build.0 = Debug|Any CPU
		{05AB3982-FAF4-47D7-BACE-09FC0A11559E}.Release|Any CPU.ActiveCfg = Release|Any CPU
		{05AB3982-FAF4-47D7-BACE-09FC0A11559E}.Release|Any CPU.Build.0 = Release|Any CPU
	EndGlobalSection
	GlobalSection(SolutionProperties) = preSolution
		HideSolutionNode = FALSE
	EndGlobalSection
	GlobalSection(ExtensibilityGlobals) = postSolution
		SolutionGuid = {F78A4F8D-047A-446F-BFA3-DF71BD254657}
	EndGlobalSection
EndGlobal
